// !$*UTF8*$!
{
	archiveVersion = 1;
	classes = {
	};
	objectVersion = 46;
	objects = {

/* Begin PBXBuildFile section */
		4E49B1A51AD05AE900D175A7 /* EasyCoreData.h in Headers */ = {isa = PBXBuildFile; fileRef = 4E49B1A41AD05AE900D175A7 /* EasyCoreData.h */; settings = {ATTRIBUTES = (Public, ); }; };
		4E49B1AB1AD05AEA00D175A7 /* EasyCoreData.framework in Frameworks */ = {isa = PBXBuildFile; fileRef = 4E49B19F1AD05AE900D175A7 /* EasyCoreData.framework */; };
		4E49B1B21AD05AEA00D175A7 /* EasyCoreDataTests.m in Sources */ = {isa = PBXBuildFile; fileRef = 4E49B1B11AD05AEA00D175A7 /* EasyCoreDataTests.m */; };
		4E49B1BD1AD05B3F00D175A7 /* EasyCoreData.xcdatamodeld in Sources */ = {isa = PBXBuildFile; fileRef = 4E49B1BB1AD05B3F00D175A7 /* EasyCoreData.xcdatamodeld */; };
		4E49B1BE1AD05B3F00D175A7 /* EasyCoreData.xcdatamodeld in Sources */ = {isa = PBXBuildFile; fileRef = 4E49B1BB1AD05B3F00D175A7 /* EasyCoreData.xcdatamodeld */; };
		4E49B1C61AD05C1700D175A7 /* EasyCoreDataFramework.h in Headers */ = {isa = PBXBuildFile; fileRef = 4E49B1C11AD05C1700D175A7 /* EasyCoreDataFramework.h */; };
		4E49B1C71AD05C1700D175A7 /* EasyCoreDataFramework.m in Sources */ = {isa = PBXBuildFile; fileRef = 4E49B1C21AD05C1700D175A7 /* EasyCoreDataFramework.m */; };
		4E49B1C81AD05C1700D175A7 /* EasyCoreDataFramework.m in Sources */ = {isa = PBXBuildFile; fileRef = 4E49B1C21AD05C1700D175A7 /* EasyCoreDataFramework.m */; };
		4E49B1CB1AD05CCE00D175A7 /* CoreDataEntity.h in Headers */ = {isa = PBXBuildFile; fileRef = 4E49B1C91AD05CCE00D175A7 /* CoreDataEntity.h */; };
		4E49B1CC1AD05CCE00D175A7 /* CoreDataEntity.m in Sources */ = {isa = PBXBuildFile; fileRef = 4E49B1CA1AD05CCE00D175A7 /* CoreDataEntity.m */; };
		4E49B1CD1AD05CCE00D175A7 /* CoreDataEntity.m in Sources */ = {isa = PBXBuildFile; fileRef = 4E49B1CA1AD05CCE00D175A7 /* CoreDataEntity.m */; };
/* End PBXBuildFile section */

/* Begin PBXContainerItemProxy section */
		4E49B1AC1AD05AEA00D175A7 /* PBXContainerItemProxy */ = {
			isa = PBXContainerItemProxy;
			containerPortal = 4E49B1961AD05AE900D175A7 /* Project object */;
			proxyType = 1;
			remoteGlobalIDString = 4E49B19E1AD05AE900D175A7;
			remoteInfo = EasyCoreData;
		};
/* End PBXContainerItemProxy section */

/* Begin PBXFileReference section */
		4E49B19F1AD05AE900D175A7 /* EasyCoreData.framework */ = {isa = PBXFileReference; explicitFileType = wrapper.framework; includeInIndex = 0; path = EasyCoreData.framework; sourceTree = BUILT_PRODUCTS_DIR; };
		4E49B1A31AD05AE900D175A7 /* Info.plist */ = {isa = PBXFileReference; lastKnownFileType = text.plist.xml; path = Info.plist; sourceTree = "<group>"; };
		4E49B1A41AD05AE900D175A7 /* EasyCoreData.h */ = {isa = PBXFileReference; lastKnownFileType = sourcecode.c.h; path = EasyCoreData.h; sourceTree = "<group>"; };
		4E49B1AA1AD05AEA00D175A7 /* EasyCoreDataTests.xctest */ = {isa = PBXFileReference; explicitFileType = wrapper.cfbundle; includeInIndex = 0; path = EasyCoreDataTests.xctest; sourceTree = BUILT_PRODUCTS_DIR; };
		4E49B1B01AD05AEA00D175A7 /* Info.plist */ = {isa = PBXFileReference; lastKnownFileType = text.plist.xml; path = Info.plist; sourceTree = "<group>"; };
		4E49B1B11AD05AEA00D175A7 /* EasyCoreDataTests.m */ = {isa = PBXFileReference; lastKnownFileType = sourcecode.c.objc; path = EasyCoreDataTests.m; sourceTree = "<group>"; };
		4E49B1BC1AD05B3F00D175A7 /* EasyCoreData.xcdatamodel */ = {isa = PBXFileReference; lastKnownFileType = wrapper.xcdatamodel; path = EasyCoreData.xcdatamodel; sourceTree = "<group>"; };
		4E49B1C11AD05C1700D175A7 /* EasyCoreDataFramework.h */ = {isa = PBXFileReference; fileEncoding = 4; lastKnownFileType = sourcecode.c.h; path = EasyCoreDataFramework.h; sourceTree = "<group>"; };
		4E49B1C21AD05C1700D175A7 /* EasyCoreDataFramework.m */ = {isa = PBXFileReference; fileEncoding = 4; lastKnownFileType = sourcecode.c.objc; path = EasyCoreDataFramework.m; sourceTree = "<group>"; };
		4E49B1C91AD05CCE00D175A7 /* CoreDataEntity.h */ = {isa = PBXFileReference; fileEncoding = 4; lastKnownFileType = sourcecode.c.h; name = CoreDataEntity.h; path = ../CoreDataEntity.h; sourceTree = "<group>"; };
		4E49B1CA1AD05CCE00D175A7 /* CoreDataEntity.m */ = {isa = PBXFileReference; fileEncoding = 4; lastKnownFileType = sourcecode.c.objc; name = CoreDataEntity.m; path = ../CoreDataEntity.m; sourceTree = "<group>"; };
/* End PBXFileReference section */

/* Begin PBXFrameworksBuildPhase section */
		4E49B19B1AD05AE900D175A7 /* Frameworks */ = {
			isa = PBXFrameworksBuildPhase;
			buildActionMask = 2147483647;
			files = (
			);
			runOnlyForDeploymentPostprocessing = 0;
		};
		4E49B1A71AD05AEA00D175A7 /* Frameworks */ = {
			isa = PBXFrameworksBuildPhase;
			buildActionMask = 2147483647;
			files = (
				4E49B1AB1AD05AEA00D175A7 /* EasyCoreData.framework in Frameworks */,
			);
			runOnlyForDeploymentPostprocessing = 0;
		};
/* End PBXFrameworksBuildPhase section */

/* Begin PBXGroup section */
		4E49B1951AD05AE900D175A7 = {
			isa = PBXGroup;
			children = (
				4E49B1A11AD05AE900D175A7 /* EasyCoreData */,
				4E49B1AE1AD05AEA00D175A7 /* EasyCoreDataTests */,
				4E49B1A01AD05AE900D175A7 /* Products */,
			);
			sourceTree = "<group>";
		};
		4E49B1A01AD05AE900D175A7 /* Products */ = {
			isa = PBXGroup;
			children = (
				4E49B19F1AD05AE900D175A7 /* EasyCoreData.framework */,
				4E49B1AA1AD05AEA00D175A7 /* EasyCoreDataTests.xctest */,
			);
			name = Products;
			sourceTree = "<group>";
		};
		4E49B1A11AD05AE900D175A7 /* EasyCoreData */ = {
			isa = PBXGroup;
			children = (
				4E49B1C91AD05CCE00D175A7 /* CoreDataEntity.h */,
				4E49B1CA1AD05CCE00D175A7 /* CoreDataEntity.m */,
				4E49B1C11AD05C1700D175A7 /* EasyCoreDataFramework.h */,
				4E49B1C21AD05C1700D175A7 /* EasyCoreDataFramework.m */,
				4E49B1A41AD05AE900D175A7 /* EasyCoreData.h */,
				4E49B1A21AD05AE900D175A7 /* Supporting Files */,
				4E49B1BB1AD05B3F00D175A7 /* EasyCoreData.xcdatamodeld */,
			);
			path = EasyCoreData;
			sourceTree = "<group>";
		};
		4E49B1A21AD05AE900D175A7 /* Supporting Files */ = {
			isa = PBXGroup;
			children = (
				4E49B1A31AD05AE900D175A7 /* Info.plist */,
			);
			name = "Supporting Files";
			sourceTree = "<group>";
		};
		4E49B1AE1AD05AEA00D175A7 /* EasyCoreDataTests */ = {
			isa = PBXGroup;
			children = (
				4E49B1B11AD05AEA00D175A7 /* EasyCoreDataTests.m */,
				4E49B1AF1AD05AEA00D175A7 /* Supporting Files */,
			);
			path = EasyCoreDataTests;
			sourceTree = "<group>";
		};
		4E49B1AF1AD05AEA00D175A7 /* Supporting Files */ = {
			isa = PBXGroup;
			children = (
				4E49B1B01AD05AEA00D175A7 /* Info.plist */,
			);
			name = "Supporting Files";
			sourceTree = "<group>";
		};
/* End PBXGroup section */

/* Begin PBXHeadersBuildPhase section */
		4E49B19C1AD05AE900D175A7 /* Headers */ = {
			isa = PBXHeadersBuildPhase;
			buildActionMask = 2147483647;
			files = (
				4E49B1A51AD05AE900D175A7 /* EasyCoreData.h in Headers */,
				4E49B1CB1AD05CCE00D175A7 /* CoreDataEntity.h in Headers */,
				4E49B1C61AD05C1700D175A7 /* EasyCoreDataFramework.h in Headers */,
			);
			runOnlyForDeploymentPostprocessing = 0;
		};
/* End PBXHeadersBuildPhase section */

/* Begin PBXNativeTarget section */
		4E49B19E1AD05AE900D175A7 /* EasyCoreData */ = {
			isa = PBXNativeTarget;
			buildConfigurationList = 4E49B1B51AD05AEA00D175A7 /* Build configuration list for PBXNativeTarget "EasyCoreData" */;
			buildPhases = (
				4E49B19A1AD05AE900D175A7 /* Sources */,
				4E49B19B1AD05AE900D175A7 /* Frameworks */,
				4E49B19C1AD05AE900D175A7 /* Headers */,
				4E49B19D1AD05AE900D175A7 /* Resources */,
			);
			buildRules = (
			);
			dependencies = (
			);
			name = EasyCoreData;
			productName = EasyCoreData;
			productReference = 4E49B19F1AD05AE900D175A7 /* EasyCoreData.framework */;
			productType = "com.apple.product-type.framework";
		};
		4E49B1A91AD05AEA00D175A7 /* EasyCoreDataTests */ = {
			isa = PBXNativeTarget;
			buildConfigurationList = 4E49B1B81AD05AEA00D175A7 /* Build configuration list for PBXNativeTarget "EasyCoreDataTests" */;
			buildPhases = (
				4E49B1A61AD05AEA00D175A7 /* Sources */,
				4E49B1A71AD05AEA00D175A7 /* Frameworks */,
				4E49B1A81AD05AEA00D175A7 /* Resources */,
			);
			buildRules = (
			);
			dependencies = (
				4E49B1AD1AD05AEA00D175A7 /* PBXTargetDependency */,
			);
			name = EasyCoreDataTests;
			productName = EasyCoreDataTests;
			productReference = 4E49B1AA1AD05AEA00D175A7 /* EasyCoreDataTests.xctest */;
			productType = "com.apple.product-type.bundle.unit-test";
		};
/* End PBXNativeTarget section */

/* Begin PBXProject section */
		4E49B1961AD05AE900D175A7 /* Project object */ = {
			isa = PBXProject;
			attributes = {
				LastUpgradeCheck = 0620;
				ORGANIZATIONNAME = "vlad orby";
				TargetAttributes = {
					4E49B19E1AD05AE900D175A7 = {
						CreatedOnToolsVersion = 6.2;
					};
					4E49B1A91AD05AEA00D175A7 = {
						CreatedOnToolsVersion = 6.2;
					};
				};
			};
			buildConfigurationList = 4E49B1991AD05AE900D175A7 /* Build configuration list for PBXProject "EasyCoreData" */;
			compatibilityVersion = "Xcode 3.2";
			developmentRegion = English;
			hasScannedForEncodings = 0;
			knownRegions = (
				en,
			);
			mainGroup = 4E49B1951AD05AE900D175A7;
			productRefGroup = 4E49B1A01AD05AE900D175A7 /* Products */;
			projectDirPath = "";
			projectRoot = "";
			targets = (
				4E49B19E1AD05AE900D175A7 /* EasyCoreData */,
				4E49B1A91AD05AEA00D175A7 /* EasyCoreDataTests */,
			);
		};
/* End PBXProject section */

/* Begin PBXResourcesBuildPhase section */
		4E49B19D1AD05AE900D175A7 /* Resources */ = {
			isa = PBXResourcesBuildPhase;
			buildActionMask = 2147483647;
			files = (
			);
			runOnlyForDeploymentPostprocessing = 0;
		};
		4E49B1A81AD05AEA00D175A7 /* Resources */ = {
			isa = PBXResourcesBuildPhase;
			buildActionMask = 2147483647;
			files = (
			);
			runOnlyForDeploymentPostprocessing = 0;
		};
/* End PBXResourcesBuildPhase section */

/* Begin PBXSourcesBuildPhase section */
		4E49B19A1AD05AE900D175A7 /* Sources */ = {
			isa = PBXSourcesBuildPhase;
			buildActionMask = 2147483647;
			files = (
				4E49B1BD1AD05B3F00D175A7 /* EasyCoreData.xcdatamodeld in Sources */,
				4E49B1C71AD05C1700D175A7 /* EasyCoreDataFramework.m in Sources */,
				4E49B1CC1AD05CCE00D175A7 /* CoreDataEntity.m in Sources */,
			);
			runOnlyForDeploymentPostprocessing = 0;
		};
		4E49B1A61AD05AEA00D175A7 /* Sources */ = {
			isa = PBXSourcesBuildPhase;
			buildActionMask = 2147483647;
			files = (
				4E49B1B21AD05AEA00D175A7 /* EasyCoreDataTests.m in Sources */,
				4E49B1C81AD05C1700D175A7 /* EasyCoreDataFramework.m in Sources */,
				4E49B1BE1AD05B3F00D175A7 /* EasyCoreData.xcdatamodeld in Sources */,
				4E49B1CD1AD05CCE00D175A7 /* CoreDataEntity.m in Sources */,
			);
			runOnlyForDeploymentPostprocessing = 0;
		};
/* End PBXSourcesBuildPhase section */

/* Begin PBXTargetDependency section */
		4E49B1AD1AD05AEA00D175A7 /* PBXTargetDependency */ = {
			isa = PBXTargetDependency;
			target = 4E49B19E1AD05AE900D175A7 /* EasyCoreData */;
			targetProxy = 4E49B1AC1AD05AEA00D175A7 /* PBXContainerItemProxy */;
		};
/* End PBXTargetDependency section */

/* Begin XCBuildConfiguration section */
		4E49B1B31AD05AEA00D175A7 /* Debug */ = {
			isa = XCBuildConfiguration;
			buildSettings = {
				ALWAYS_SEARCH_USER_PATHS = NO;
				CLANG_CXX_LANGUAGE_STANDARD = "gnu++0x";
				CLANG_CXX_LIBRARY = "libc++";
				CLANG_ENABLE_MODULES = YES;
				CLANG_ENABLE_OBJC_ARC = YES;
				CLANG_WARN_BOOL_CONVERSION = YES;
				CLANG_WARN_CONSTANT_CONVERSION = YES;
				CLANG_WARN_DIRECT_OBJC_ISA_USAGE = YES_ERROR;
				CLANG_WARN_EMPTY_BODY = YES;
				CLANG_WARN_ENUM_CONVERSION = YES;
				CLANG_WARN_INT_CONVERSION = YES;
				CLANG_WARN_OBJC_ROOT_CLASS = YES_ERROR;
				CLANG_WARN_UNREACHABLE_CODE = YES;
				CLANG_WARN__DUPLICATE_METHOD_MATCH = YES;
				"CODE_SIGN_IDENTITY[sdk=iphoneos*]" = "iPhone Developer";
				COPY_PHASE_STRIP = NO;
				CURRENT_PROJECT_VERSION = 1;
				ENABLE_STRICT_OBJC_MSGSEND = YES;
				GCC_C_LANGUAGE_STANDARD = gnu99;
				GCC_DYNAMIC_NO_PIC = NO;
				GCC_OPTIMIZATION_LEVEL = 0;
				GCC_PREPROCESSOR_DEFINITIONS = (
					"DEBUG=1",
					"$(inherited)",
				);
				GCC_SYMBOLS_PRIVATE_EXTERN = NO;
				GCC_WARN_64_TO_32_BIT_CONVERSION = YES;
				GCC_WARN_ABOUT_RETURN_TYPE = YES_ERROR;
				GCC_WARN_UNDECLARED_SELECTOR = YES;
				GCC_WARN_UNINITIALIZED_AUTOS = YES_AGGRESSIVE;
				GCC_WARN_UNUSED_FUNCTION = YES;
				GCC_WARN_UNUSED_VARIABLE = YES;
				IPHONEOS_DEPLOYMENT_TARGET = 8.2;
				MTL_ENABLE_DEBUG_INFO = YES;
				ONLY_ACTIVE_ARCH = YES;
				SDKROOT = iphoneos;
				TARGETED_DEVICE_FAMILY = "1,2";
				VERSIONING_SYSTEM = "apple-generic";
				VERSION_INFO_PREFIX = "";
			};
			name = Debug;
		};
		4E49B1B41AD05AEA00D175A7 /* Release */ = {
			isa = XCBuildConfiguration;
			buildSettings = {
				ALWAYS_SEARCH_USER_PATHS = NO;
				CLANG_CXX_LANGUAGE_STANDARD = "gnu++0x";
				CLANG_CXX_LIBRARY = "libc++";
				CLANG_ENABLE_MODULES = YES;
				CLANG_ENABLE_OBJC_ARC = YES;
				CLANG_WARN_BOOL_CONVERSION = YES;
				CLANG_WARN_CONSTANT_CONVERSION = YES;
				CLANG_WARN_DIRECT_OBJC_ISA_USAGE = YES_ERROR;
				CLANG_WARN_EMPTY_BODY = YES;
				CLANG_WARN_ENUM_CONVERSION = YES;
				CLANG_WARN_INT_CONVERSION = YES;
				CLANG_WARN_OBJC_ROOT_CLASS = YES_ERROR;
				CLANG_WARN_UNREACHABLE_CODE = YES;
				CLANG_WARN__DUPLICATE_METHOD_MATCH = YES;
				"CODE_SIGN_IDENTITY[sdk=iphoneos*]" = "iPhone Developer";
				COPY_PHASE_STRIP = NO;
				CURRENT_PROJECT_VERSION = 1;
				ENABLE_NS_ASSERTIONS = NO;
				ENABLE_STRICT_OBJC_MSGSEND = YES;
				GCC_C_LANGUAGE_STANDARD = gnu99;
				GCC_WARN_64_TO_32_BIT_CONVERSION = YES;
				GCC_WARN_ABOUT_RETURN_TYPE = YES_ERROR;
				GCC_WARN_UNDECLARED_SELECTOR = YES;
				GCC_WARN_UNINITIALIZED_AUTOS = YES_AGGRESSIVE;
				GCC_WARN_UNUSED_FUNCTION = YES;
				GCC_WARN_UNUSED_VARIABLE = YES;
				IPHONEOS_DEPLOYMENT_TARGET = 8.2;
				MTL_ENABLE_DEBUG_INFO = NO;
				SDKROOT = iphoneos;
				TARGETED_DEVICE_FAMILY = "1,2";
				VALIDATE_PRODUCT = YES;
				VERSIONING_SYSTEM = "apple-generic";
				VERSION_INFO_PREFIX = "";
			};
			name = Release;
		};
		4E49B1B61AD05AEA00D175A7 /* Debug */ = {
			isa = XCBuildConfiguration;
			buildSettings = {
				DEFINES_MODULE = YES;
				DYLIB_COMPATIBILITY_VERSION = 1;
				DYLIB_CURRENT_VERSION = 1;
				DYLIB_INSTALL_NAME_BASE = "@rpath";
				INFOPLIST_FILE = EasyCoreData/Info.plist;
				INSTALL_PATH = "$(LOCAL_LIBRARY_DIR)/Frameworks";
				LD_RUNPATH_SEARCH_PATHS = "$(inherited) @executable_path/Frameworks @loader_path/Frameworks";
				PRODUCT_NAME = "$(TARGET_NAME)";
				SKIP_INSTALL = YES;
			};
			name = Debug;
		};
		4E49B1B71AD05AEA00D175A7 /* Release */ = {
			isa = XCBuildConfiguration;
			buildSettings = {
				DEFINES_MODULE = YES;
				DYLIB_COMPATIBILITY_VERSION = 1;
				DYLIB_CURRENT_VERSION = 1;
				DYLIB_INSTALL_NAME_BASE = "@rpath";
				INFOPLIST_FILE = EasyCoreData/Info.plist;
				INSTALL_PATH = "$(LOCAL_LIBRARY_DIR)/Frameworks";
				LD_RUNPATH_SEARCH_PATHS = "$(inherited) @executable_path/Frameworks @loader_path/Frameworks";
				PRODUCT_NAME = "$(TARGET_NAME)";
				SKIP_INSTALL = YES;
			};
			name = Release;
		};
		4E49B1B91AD05AEA00D175A7 /* Debug */ = {
			isa = XCBuildConfiguration;
			buildSettings = {
				FRAMEWORK_SEARCH_PATHS = (
					"$(SDKROOT)/Developer/Library/Frameworks",
					"$(inherited)",
				);
				GCC_PREPROCESSOR_DEFINITIONS = (
					"DEBUG=1",
					"$(inherited)",
				);
				INFOPLIST_FILE = EasyCoreDataTests/Info.plist;
				LD_RUNPATH_SEARCH_PATHS = "$(inherited) @executable_path/Frameworks @loader_path/Frameworks";
				PRODUCT_NAME = "$(TARGET_NAME)";
			};
			name = Debug;
		};
		4E49B1BA1AD05AEA00D175A7 /* Release */ = {
			isa = XCBuildConfiguration;
			buildSettings = {
				FRAMEWORK_SEARCH_PATHS = (
					"$(SDKROOT)/Developer/Library/Frameworks",
					"$(inherited)",
				);
				INFOPLIST_FILE = EasyCoreDataTests/Info.plist;
				LD_RUNPATH_SEARCH_PATHS = "$(inherited) @executable_path/Frameworks @loader_path/Frameworks";
				PRODUCT_NAME = "$(TARGET_NAME)";
			};
			name = Release;
		};
/* End XCBuildConfiguration section */

/* Begin XCConfigurationList section */
		4E49B1991AD05AE900D175A7 /* Build configuration list for PBXProject "EasyCoreData" */ = {
			isa = XCConfigurationList;
			buildConfigurations = (
				4E49B1B31AD05AEA00D175A7 /* Debug */,
				4E49B1B41AD05AEA00D175A7 /* Release */,
			);
			defaultConfigurationIsVisible = 0;
			defaultConfigurationName = Release;
		};
		4E49B1B51AD05AEA00D175A7 /* Build configuration list for PBXNativeTarget "EasyCoreData" */ = {
			isa = XCConfigurationList;
			buildConfigurations = (
				4E49B1B61AD05AEA00D175A7 /* Debug */,
				4E49B1B71AD05AEA00D175A7 /* Release */,
			);
			defaultConfigurationIsVisible = 0;
		};
		4E49B1B81AD05AEA00D175A7 /* Build configuration list for PBXNativeTarget "EasyCoreDataTests" */ = {
			isa = XCConfigurationList;
			buildConfigurations = (
				4E49B1B91AD05AEA00D175A7 /* Debug */,
				4E49B1BA1AD05AEA00D175A7 /* Release */,
			);
			defaultConfigurationIsVisible = 0;
		};
/* End XCConfigurationList section */

/* Begin XCVersionGroup section */
		4E49B1BB1AD05B3F00D175A7 /* EasyCoreData.xcdatamodeld */ = {
			isa = XCVersionGroup;
			children = (
				4E49B1BC1AD05B3F00D175A7 /* EasyCoreData.xcdatamodel */,
			);
			currentVersion = 4E49B1BC1AD05B3F00D175A7 /* EasyCoreData.xcdatamodel */;
			path = EasyCoreData.xcdatamodeld;
			sourceTree = "<group>";
			versionGroupType = wrapper.xcdatamodel;
		};
/* End XCVersionGroup section */
	};
	rootObject = 4E49B1961AD05AE900D175A7 /* Project object */;
}
